{
  "name": "artistack",
  "version": "1.0.0",
  "lockfileVersion": 3,
  "requires": true,
  "packages": {
    "": {
      "name": "artistack",
      "version": "1.0.0",
      "license": "ISC",
      "dependencies": {
        "@supabase/supabase-js": "^2.87.0",
        "@vercel/blob": "^2.0.0",
        "@vercel/kv": "^3.0.0",
        "busboy": "^1.6.0",
        "cookie": "^1.1.1"
      }
    },
    "node_modules/@fastify/busboy": {
      "version": "2.1.1",
      "resolved": "https://registry.npmjs.org/@fastify/busboy/-/busboy-2.1.1.tgz",
      "integrity": "sha512-vBZP4NlzfOlerQTnba4aqZoMhE/a9HY7HRqoOPaETQcSQuWEIyZMHGfVu6w9wGtGK5fED5qRs2DteVCjOH60sA==",
      "license": "MIT",
      "engines": {
        "node": ">=14"
      }
    },
    "node_modules/@supabase/auth-js": {
      "version": "2.87.0",
      "resolved": "https://registry.npmjs.org/@supabase/auth-js/-/auth-js-2.87.0.tgz",
      "integrity": "sha512-Otv/fjkyev9cH55VoZHwbzDd5N8y1SNREqDpzE8cqI2KnlHAkr0g6ZWv7d8elVKhS3le09xvAeRaoONGaRc8sA==",
      "license": "MIT",
      "dependencies": {
        "tslib": "2.8.1"
      },
      "engines": {
        "node": ">=20.0.0"
      }
    },
    "node_modules/@supabase/functions-js": {
      "version": "2.87.0",
      "resolved": "https://registry.npmjs.org/@supabase/functions-js/-/functions-js-2.87.0.tgz",
      "integrity": "sha512-L4Y6PD8gyeWMZeHXiwywICIJvEWnnwn8E3Z7V3Wn60/N+jDKMaRJlaCncPf8rhHzFuJlabqRiVEy5nCKjmAnXA==",
      "license": "MIT",
      "dependencies": {
        "tslib": "2.8.1"
      },
      "engines": {
        "node": ">=20.0.0"
      }
    },
    "node_modules/@supabase/postgrest-js": {
      "version": "2.87.0",
      "resolved": "https://registry.npmjs.org/@supabase/postgrest-js/-/postgrest-js-2.87.0.tgz",
      "integrity": "sha512-2+86Iyq9INVQE++L/kCWSoWApeoU4CVO6VKJrzaxGQGESylTVam5mqVqC0LQnjZ39kIKQgYmZ3yylXMmPNFHJQ==",
      "license": "MIT",
      "dependencies": {
        "tslib": "2.8.1"
      },
      "engines": {
        "node": ">=20.0.0"
      }
    },
    "node_modules/@supabase/realtime-js": {
      "version": "2.87.0",
      "resolved": "https://registry.npmjs.org/@supabase/realtime-js/-/realtime-js-2.87.0.tgz",
      "integrity": "sha512-38l2jg9yb9cMos3cVWuX9X+nMFZFzW8sD/MJiVvbpRes9gPZ210AMGExYU8/kix5uq/ymSoSsKLnV8DhXYWqOg==",
      "license": "MIT",
      "dependencies": {
        "@types/phoenix": "^1.6.6",
        "@types/ws": "^8.18.1",
        "tslib": "2.8.1",
        "ws": "^8.18.2"
      },
      "engines": {
        "node": ">=20.0.0"
      }
    },
    "node_modules/@supabase/storage-js": {
      "version": "2.87.0",
      "resolved": "https://registry.npmjs.org/@supabase/storage-js/-/storage-js-2.87.0.tgz",
      "integrity": "sha512-luTghajY3IrrKglP5bjf2/51ASg5xaZUALsZuzR23RmuMg4lc4pzq4TxEgnkLoUGDT7Ppr9+uSgvIhf1snXbAw==",
      "license": "MIT",
      "dependencies": {
        "iceberg-js": "^0.8.1",
        "tslib": "2.8.1"
      },
      "engines": {
        "node": ">=20.0.0"
      }
    },
    "node_modules/@supabase/supabase-js": {
      "version": "2.87.0",
      "resolved": "https://registry.npmjs.org/@supabase/supabase-js/-/supabase-js-2.87.0.tgz",
      "integrity": "sha512-4u8JtF8qPW1V1FEcfqeRFU/9LK6CNjuLpDcJOjL1npobMPFCQhCQsWCYBnRlyf3QN7o7LG5zSKFRsmk8wJK/+Q==",
      "license": "MIT",
      "dependencies": {
        "@supabase/auth-js": "2.87.0",
        "@supabase/functions-js": "2.87.0",
        "@supabase/postgrest-js": "2.87.0",
        "@supabase/realtime-js": "2.87.0",
        "@supabase/storage-js": "2.87.0"
      },
      "engines": {
        "node": ">=20.0.0"
      }
    },
    "node_modules/@types/node": {
      "version": "24.10.2",
      "resolved": "https://registry.npmjs.org/@types/node/-/node-24.10.2.tgz",
      "integrity": "sha512-WOhQTZ4G8xZ1tjJTvKOpyEVSGgOTvJAfDK3FNFgELyaTpzhdgHVHeqW8V+UJvzF5BT+/B54T/1S2K6gd9c7bbA==",
      "license": "MIT",
      "dependencies": {
        "undici-types": "~7.16.0"
      }
    },
    "node_modules/@types/phoenix": {
      "version": "1.6.7",
      "resolved": "https://registry.npmjs.org/@types/phoenix/-/phoenix-1.6.7.tgz",
      "integrity": "sha512-oN9ive//QSBkf19rfDv45M7eZPi0eEXylht2OLEXicu5b4KoQ1OzXIw+xDSGWxSxe1JmepRR/ZH283vsu518/Q==",
      "license": "MIT"
    },
    "node_modules/@types/ws": {
      "version": "8.18.1",
      "resolved": "https://registry.npmjs.org/@types/ws/-/ws-8.18.1.tgz",
      "integrity": "sha512-ThVF6DCVhA8kUGy+aazFQ4kXQ7E1Ty7A3ypFOe0IcJV8O/M511G99AW24irKrW56Wt44yG9+ij8FaqoBGkuBXg==",
      "license": "MIT",
      "dependencies": {
        "@types/node": "*"
      }
    },
    "node_modules/@upstash/redis": {
      "version": "1.35.7",
      "resolved": "https://registry.npmjs.org/@upstash/redis/-/redis-1.35.7.tgz",
      "integrity": "sha512-bdCdKhke+kYUjcLLuGWSeQw7OLuWIx3eyKksyToLBAlGIMX9qiII0ptp8E0y7VFE1yuBxBd/3kSzJ8774Q4g+A==",
      "license": "MIT",
      "dependencies": {
        "uncrypto": "^0.1.3"
      }
    },
    "node_modules/@vercel/blob": {
      "version": "2.0.0",
      "resolved": "https://registry.npmjs.org/@vercel/blob/-/blob-2.0.0.tgz",
      "integrity": "sha512-oAj7Pdy83YKSwIaMFoM7zFeLYWRc+qUpW3PiDSblxQMnGFb43qs4bmfq7dr/+JIfwhs6PTwe1o2YBwKhyjWxXw==",
      "license": "Apache-2.0",
      "dependencies": {
        "async-retry": "^1.3.3",
        "is-buffer": "^2.0.5",
        "is-node-process": "^1.2.0",
        "throttleit": "^2.1.0",
        "undici": "^5.28.4"
      },
      "engines": {
        "node": ">=20.0.0"
      }
    },
    "node_modules/@vercel/kv": {
      "version": "3.0.0",
      "resolved": "https://registry.npmjs.org/@vercel/kv/-/kv-3.0.0.tgz",
      "integrity": "sha512-pKT8fRnfyYk2MgvyB6fn6ipJPCdfZwiKDdw7vB+HL50rjboEBHDVBEcnwfkEpVSp2AjNtoaOUH7zG+bVC/rvSg==",
      "license": "Apache-2.0",
      "dependencies": {
        "@upstash/redis": "^1.34.0"
      },
      "engines": {
        "node": ">=14.6"
      }
    },
    "node_modules/async-retry": {
      "version": "1.3.3",
      "resolved": "https://registry.npmjs.org/async-retry/-/async-retry-1.3.3.tgz",
      "integrity": "sha512-wfr/jstw9xNi/0teMHrRW7dsz3Lt5ARhYNZ2ewpadnhaIp5mbALhOAP+EAdsC7t4Z6wqsDVv9+W6gm1Dk9mEyw==",
      "license": "MIT",
      "dependencies": {
        "retry": "0.13.1"
      }
    },
    "node_modules/busboy": {
      "version": "1.6.0",
      "resolved": "https://registry.npmjs.org/busboy/-/busboy-1.6.0.tgz",
      "integrity": "sha512-8SFQbg/0hQ9xy3UNTB0YEnsNBbWfhf7RtnzpL7TkBiTBRfrQ9Fxcnz7VJsleJpyp6rVLvXiuORqjlHi5q+PYuA==",
      "dependencies": {
        "streamsearch": "^1.1.0"
      },
      "engines": {
        "node": ">=10.16.0"
      }
    },
    "node_modules/cookie": {
      "version": "1.1.1",
      "resolved": "https://registry.npmjs.org/cookie/-/cookie-1.1.1.tgz",
      "integrity": "sha512-ei8Aos7ja0weRpFzJnEA9UHJ/7XQmqglbRwnf2ATjcB9Wq874VKH9kfjjirM6UhU2/E5fFYadylyhFldcqSidQ==",
      "license": "MIT",
      "engines": {
        "node": ">=18"
      },
      "funding": {
        "type": "opencollective",
        "url": "https://opencollective.com/express"
      }
    },
    "node_modules/iceberg-js": {
      "version": "0.8.1",
      "resolved": "https://registry.npmjs.org/iceberg-js/-/iceberg-js-0.8.1.tgz",
      "integrity": "sha512-1dhVQZXhcHje7798IVM+xoo/1ZdVfzOMIc8/rgVSijRK38EDqOJoGula9N/8ZI5RD8QTxNQtK/Gozpr+qUqRRA==",
      "license": "MIT",
      "engines": {
        "node": ">=20.0.0"
      }
    },
    "node_modules/is-buffer": {
      "version": "2.0.5",
      "resolved": "https://registry.npmjs.org/is-buffer/-/is-buffer-2.0.5.tgz",
      "integrity": "sha512-i2R6zNFDwgEHJyQUtJEk0XFi1i0dPFn/oqjK3/vPCcDeJvW5NQ83V8QbicfF1SupOaB0h8ntgBC2YiE7dfyctQ==",
      "funding": [
        {
          "type": "github",
          "url": "https://github.com/sponsors/feross"
        },
        {
          "type": "patreon",
          "url": "https://www.patreon.com/feross"
        },
        {
          "type": "consulting",
          "url": "https://feross.org/support"
        }
      ],
      "license": "MIT",
      "engines": {
        "node": ">=4"
      }
    },
    "node_modules/is-node-process": {
      "version": "1.2.0",
      "resolved": "https://registry.npmjs.org/is-node-process/-/is-node-process-1.2.0.tgz",
      "integrity": "sha512-Vg4o6/fqPxIjtxgUH5QLJhwZ7gW5diGCVlXpuUfELC62CuxM1iHcRe51f2W1FDy04Ai4KJkagKjx3XaqyfRKXw==",
      "license": "MIT"
    },
    "node_modules/retry": {
      "version": "0.13.1",
      "resolved": "https://registry.npmjs.org/retry/-/retry-0.13.1.tgz",
      "integrity": "sha512-XQBQ3I8W1Cge0Seh+6gjj03LbmRFWuoszgK9ooCpwYIrhhoO80pfq4cUkU5DkknwfOfFteRwlZ56PYOGYyFWdg==",
      "license": "MIT",
      "engines": {
        "node": ">= 4"
      }
    },
    "node_modules/streamsearch": {
      "version": "1.1.0",
      "resolved": "https://registry.npmjs.org/streamsearch/-/streamsearch-1.1.0.tgz",
      "integrity": "sha512-Mcc5wHehp9aXz1ax6bZUyY5afg9u2rv5cqQI3mRrYkGC8rW2hM02jWuwjtL++LS5qinSyhj2QfLyNsuc+VsExg==",
      "engines": {
        "node": ">=10.0.0"
      }
    },
    "node_modules/throttleit": {
      "version": "2.1.0",
      "resolved": "https://registry.npmjs.org/throttleit/-/throttleit-2.1.0.tgz",
      "integrity": "sha512-nt6AMGKW1p/70DF/hGBdJB57B8Tspmbp5gfJ8ilhLnt7kkr2ye7hzD6NVG8GGErk2HWF34igrL2CXmNIkzKqKw==",
      "license": "MIT",
      "engines": {
        "node": ">=18"
      },
      "funding": {
        "url": "https://github.com/sponsors/sindresorhus"
      }
    },
    "node_modules/tslib": {
      "version": "2.8.1",
      "resolved": "https://registry.npmjs.org/tslib/-/tslib-2.8.1.tgz",
      "integrity": "sha512-oJFu94HQb+KVduSUQL7wnpmqnfmLsOA/nAh6b6EH0wCEoK0/mPeXU6c3wKDV83MkOuHPRHtSXKKU99IBazS/2w==",
      "license": "0BSD"
    },
    "node_modules/uncrypto": {
      "version": "0.1.3",
      "resolved": "https://registry.npmjs.org/uncrypto/-/uncrypto-0.1.3.tgz",
      "integrity": "sha512-Ql87qFHB3s/De2ClA9e0gsnS6zXG27SkTiSJwjCc9MebbfapQfuPzumMIUMi38ezPZVNFcHI9sUIepeQfw8J8Q==",
      "license": "MIT"
    },
    "node_modules/undici": {
      "version": "5.29.0",
      "resolved": "https://registry.npmjs.org/undici/-/undici-5.29.0.tgz",
      "integrity": "sha512-raqeBD6NQK4SkWhQzeYKd1KmIG6dllBOTt55Rmkt4HtI9mwdWtJljnrXjAFUBLTSN67HWrOIZ3EPF4kjUw80Bg==",
      "license": "MIT",
      "dependencies": {
        "@fastify/busboy": "^2.0.0"
      },
      "engines": {
        "node": ">=14.0"
      }
    },
    "node_modules/undici-types": {
      "version": "7.16.0",
      "resolved": "https://registry.npmjs.org/undici-types/-/undici-types-7.16.0.tgz",
      "integrity": "sha512-Zz+aZWSj8LE6zoxD+xrjh4VfkIG8Ya6LvYkZqtUQGJPZjYl53ypCaUwWqo7eI0x66KBGeRo+mlBEkMSeSZ38Nw==",
      "license": "MIT"
    },
    "node_modules/ws": {
      "version": "8.18.3",
      "resolved": "https://registry.npmjs.org/ws/-/ws-8.18.3.tgz",
      "integrity": "sha512-PEIGCY5tSlUt50cqyMXfCzX+oOPqN0vuGqWzbcJ2xvnkzkq46oOpz7dQaTDBdfICb4N14+GARUDw2XV2N4tvzg==",
      "license": "MIT",
      "engines": {
        "node": ">=10.0.0"
      },
      "peerDependencies": {
        "bufferutil": "^4.0.1",
        "utf-8-validate": ">=5.0.2"
      },
      "peerDependenciesMeta": {
        "bufferutil": {
          "optional": true
        },
        "utf-8-validate": {
          "optional": true
        }
      }
    }
  }
}
